
Microsoft Visual Studio Solution File, Format Version 12.00
# Visual Studio Version 16
Project("{FAE04EC0-301F-11D3-BF4B-00C04F79EFBC}") = "Retrieval", "Retrieval\Retrieval.csproj", "{75DB573B-32CE-4962-BBC1-966EF7F1C9D5}"
EndProject
Project("{FAE04EC0-301F-11D3-BF4B-00C04F79EFBC}") = "Retrieval.Test", "Retrieval.Test\Retrieval.Test.csproj", "{58C3500F-9B95-4C34-A01E-E42699745860}"
EndProject
Global
	GlobalSection(SolutionConfigurationPlatforms) = preSolution
		Debug|Any CPU = Debug|Any CPU
		Release|Any CPU = Release|Any CPU
	EndGlobalSection
	GlobalSection(ProjectConfigurationPlatforms) = postSolution
		{75DB573B-32CE-4962-BBC1-966EF7F1C9D5}.Debug|Any CPU.ActiveCfg = Debug|Any CPU
		{75DB573B-32CE-4962-BBC1-966EF7F1C9D5}.Debug|Any CPU.Build.0 = Debug|Any CPU
		{75DB573B-32CE-4962-BBC1-966EF7F1C9D5}.Release|Any CPU.ActiveCfg = Release|Any CPU
		{75DB573B-32CE-4962-BBC1-966EF7F1C9D5}.Release|Any CPU.Build.0 = Release|Any CPU
		{58C3500F-9B95-4C34-A01E-E42699745860}.Debug|Any CPU.ActiveCfg = Debug|Any CPU
		{58C3500F-9B95-4C34-A01E-E42699745860}.Debug|Any CPU.Build.0 = Debug|Any CPU
		{58C3500F-9B95-4C34-A01E-E42699745860}.Release|Any CPU.ActiveCfg = Release|Any CPU
		{58C3500F-9B95-4C34-A01E-E42699745860}.Release|Any CPU.Build.0 = Release|Any CPU
	EndGlobalSection
EndGlobal
